{
  "nodes": {
    "flake-utils": {
      "locked": {
        "lastModified": 1644229661,
        "narHash": "sha256-1YdnJAsNy69bpcjuoKdOYQX0YxZBiCYZo4Twxerqv7k=",
        "owner": "numtide",
        "repo": "flake-utils",
        "rev": "3cecb5b042f7f209c56ffd8371b2711a290ec797",
        "type": "github"
      },
      "original": {
        "owner": "numtide",
        "repo": "flake-utils",
        "type": "github"
      }
    },
    "nixpkgs": {
      "locked": {
        "lastModified": 1647611227,
        "narHash": "sha256-35QghkW6GrTQHvOa82osArl/J8gHr9wtJ1BG9/tFxXg=",
        "owner": "rehno-lindeque",
        "repo": "nixpkgs",
        "rev": "ea8502186fc8bb0951f7552c8fa10fe9be03671f",
        "type": "github"
      },
      "original": {
        "owner": "rehno-lindeque",
        "ref": "pytorch-1.11.0",
        "repo": "nixpkgs",
        "type": "github"
      }
    },
    "root": {
      "inputs": {
        "flake-utils": "flake-utils",
        "nixpkgs": "nixpkgs"
      }
    }
  },
  "root": "root",
  "version": 7
}
