{
  "nodes": {
    "flake-utils": {
      "locked": {
        "lastModified": 1644229661,
        "narHash": "sha256-1YdnJAsNy69bpcjuoKdOYQX0YxZBiCYZo4Twxerqv7k=",
        "owner": "numtide",
        "repo": "flake-utils",
        "rev": "3cecb5b042f7f209c56ffd8371b2711a290ec797",
        "type": "github"
      },
      "original": {
        "owner": "numtide",
        "repo": "flake-utils",
        "type": "github"
      }
    },
    "nixpkgs": {
      "locked": {
        "lastModified": 1647630674,
        "narHash": "sha256-+42rlX3oJgr/d8ldzVNqcEHFHFi4h/xBpxfzz+zD5kE=",
        "owner": "rehno-lindeque",
        "repo": "nixpkgs",
        "rev": "2c200e7142f4644bca9c29bc49525cbd53c28450",
        "type": "github"
      },
      "original": {
        "owner": "rehno-lindeque",
        "ref": "pytorch-1.11.0",
        "repo": "nixpkgs",
        "type": "github"
      }
    },
    "root": {
      "inputs": {
        "flake-utils": "flake-utils",
        "nixpkgs": "nixpkgs"
      }
    }
  },
  "root": "root",
  "version": 7
}
